{
  "name": "lyth-mono",
  "lockfileVersion": 3,
  "requires": true,
  "packages": {
    "": {
      "name": "lyth-mono",
      "hasInstallScript": true,
      "dependencies": {
        "smol-toml": "^1.3.1"
      }
    },
    "node_modules/smol-toml": {
      "version": "1.6.0",
      "resolved": "https://registry.npmjs.org/smol-toml/-/smol-toml-1.6.0.tgz",
      "integrity": "sha512-4zemZi0HvTnYwLfrpk/CF9LOd9Lt87kAt50GnqhMpyF9U3poDAP2+iukq2bZsO/ufegbYehBkqINbsWxj4l4cw==",
      "license": "BSD-3-Clause",
      "engines": {
        "node": ">= 18"
      },
      "funding": {
        "url": "https://github.com/sponsors/cyyynthia"
      }
    }
  }
}
